
Microsoft Visual Studio Solution File, Format Version 12.00
# Visual Studio Version 16
VisualStudioVersion = 16.0.29905.134
MinimumVisualStudioVersion = 10.0.40219.1
Project("{FAE04EC0-301F-11D3-BF4B-00C04F79EFBC}") = "ClassLibraryDataLayer", "ClassLibraryDataLayer.csproj", "{95724D42-8E16-45F1-BB5F-8513B6284653}"
EndProject
Global
	GlobalSection(SolutionConfigurationPlatforms) = preSolution
		Debug|Any CPU = Debug|Any CPU
		Release|Any CPU = Release|Any CPU
	EndGlobalSection
	GlobalSection(ProjectConfigurationPlatforms) = postSolution
		{95724D42-8E16-45F1-BB5F-8513B6284653}.Debug|Any CPU.ActiveCfg = Debug|Any CPU
		{95724D42-8E16-45F1-BB5F-8513B6284653}.Debug|Any CPU.Build.0 = Debug|Any CPU
		{95724D42-8E16-45F1-BB5F-8513B6284653}.Release|Any CPU.ActiveCfg = Release|Any CPU
		{95724D42-8E16-45F1-BB5F-8513B6284653}.Release|Any CPU.Build.0 = Release|Any CPU
	EndGlobalSection
	GlobalSection(SolutionProperties) = preSolution
		HideSolutionNode = FALSE
	EndGlobalSection
	GlobalSection(ExtensibilityGlobals) = postSolution
		SolutionGuid = {861EAF83-39CD-4472-A064-8C49F4DD734B}
	EndGlobalSection
EndGlobal
